
Microsoft Visual Studio Solution File, Format Version 12.00
# Visual Studio 15
Project("{FAE04EC0-301F-11D3-BF4B-00C04F79EFBC}") = "Assembly-CSharp", "Assembly-CSharp.csproj", "{13A49CCB-EDF1-F599-2DD1-7C4B3971A855}"
EndProject
Project("{FAE04EC0-301F-11D3-BF4B-00C04F79EFBC}") = "Assembly-CSharp-Editor", "Assembly-CSharp-Editor.csproj", "{9C8090B7-F618-9F93-6C17-2422EF7A5C5E}"
EndProject
Global
	GlobalSection(SolutionConfigurationPlatforms) = preSolution
		Debug|Any CPU = Debug|Any CPU
		Release|Any CPU = Release|Any CPU
	EndGlobalSection
	GlobalSection(ProjectConfigurationPlatforms) = postSolution
		{13A49CCB-EDF1-F599-2DD1-7C4B3971A855}.Debug|Any CPU.ActiveCfg = Debug|Any CPU
		{13A49CCB-EDF1-F599-2DD1-7C4B3971A855}.Debug|Any CPU.Build.0 = Debug|Any CPU
		{13A49CCB-EDF1-F599-2DD1-7C4B3971A855}.Release|Any CPU.ActiveCfg = Release|Any CPU
		{13A49CCB-EDF1-F599-2DD1-7C4B3971A855}.Release|Any CPU.Build.0 = Release|Any CPU
		{9C8090B7-F618-9F93-6C17-2422EF7A5C5E}.Debug|Any CPU.ActiveCfg = Debug|Any CPU
		{9C8090B7-F618-9F93-6C17-2422EF7A5C5E}.Debug|Any CPU.Build.0 = Debug|Any CPU
		{9C8090B7-F618-9F93-6C17-2422EF7A5C5E}.Release|Any CPU.ActiveCfg = Release|Any CPU
		{9C8090B7-F618-9F93-6C17-2422EF7A5C5E}.Release|Any CPU.Build.0 = Release|Any CPU
	EndGlobalSection
	GlobalSection(SolutionProperties) = preSolution
		HideSolutionNode = FALSE
	EndGlobalSection
EndGlobal
